
Microsoft Visual Studio Solution File, Format Version 12.00
# Visual Studio 15
VisualStudioVersion = 15.0.27004.2009
MinimumVisualStudioVersion = 10.0.40219.1
Project("{FAE04EC0-301F-11D3-BF4B-00C04F79EFBC}") = "GK_Project_3", "GK_Project_3\GK_Project_3.csproj", "{E84D9D55-72F6-4979-A918-E60034DB278F}"
EndProject
Global
	GlobalSection(SolutionConfigurationPlatforms) = preSolution
		Debug|Any CPU = Debug|Any CPU
		Release|Any CPU = Release|Any CPU
	EndGlobalSection
	GlobalSection(ProjectConfigurationPlatforms) = postSolution
		{E84D9D55-72F6-4979-A918-E60034DB278F}.Debug|Any CPU.ActiveCfg = Debug|Any CPU
		{E84D9D55-72F6-4979-A918-E60034DB278F}.Debug|Any CPU.Build.0 = Debug|Any CPU
		{E84D9D55-72F6-4979-A918-E60034DB278F}.Release|Any CPU.ActiveCfg = Release|Any CPU
		{E84D9D55-72F6-4979-A918-E60034DB278F}.Release|Any CPU.Build.0 = Release|Any CPU
	EndGlobalSection
	GlobalSection(SolutionProperties) = preSolution
		HideSolutionNode = FALSE
	EndGlobalSection
	GlobalSection(ExtensibilityGlobals) = postSolution
		SolutionGuid = {E7361BFF-DA55-4D89-9F26-7E9B455E31C4}
	EndGlobalSection
EndGlobal
